
Microsoft Visual Studio Solution File, Format Version 12.00
# Visual Studio 15
VisualStudioVersion = 15.0.28010.2046
MinimumVisualStudioVersion = 10.0.40219.1
Project("{9A19103F-16F7-4668-BE54-9A1E7A4F7556}") = "Okta.Sdk.Abstractions", "Okta.Sdk.Abstractions\Okta.Sdk.Abstractions.csproj", "{A6C9E485-0DCC-4804-8B9F-47C65B93858D}"
EndProject
Project("{9A19103F-16F7-4668-BE54-9A1E7A4F7556}") = "Okta.Sdk.Abstractions.UnitTests", "Okta.Sdk.Abstractions.UnitTests\Okta.Sdk.Abstractions.UnitTests.csproj", "{C6ECBFB9-3CBC-411F-A251-9D51AF7FF40F}"
EndProject
Global
	GlobalSection(SolutionConfigurationPlatforms) = preSolution
		Debug|Any CPU = Debug|Any CPU
		Release|Any CPU = Release|Any CPU
	EndGlobalSection
	GlobalSection(ProjectConfigurationPlatforms) = postSolution
		{A6C9E485-0DCC-4804-8B9F-47C65B93858D}.Debug|Any CPU.ActiveCfg = Debug|Any CPU
		{A6C9E485-0DCC-4804-8B9F-47C65B93858D}.Debug|Any CPU.Build.0 = Debug|Any CPU
		{A6C9E485-0DCC-4804-8B9F-47C65B93858D}.Release|Any CPU.ActiveCfg = Release|Any CPU
		{A6C9E485-0DCC-4804-8B9F-47C65B93858D}.Release|Any CPU.Build.0 = Release|Any CPU
		{C6ECBFB9-3CBC-411F-A251-9D51AF7FF40F}.Debug|Any CPU.ActiveCfg = Debug|Any CPU
		{C6ECBFB9-3CBC-411F-A251-9D51AF7FF40F}.Debug|Any CPU.Build.0 = Debug|Any CPU
		{C6ECBFB9-3CBC-411F-A251-9D51AF7FF40F}.Release|Any CPU.ActiveCfg = Release|Any CPU
		{C6ECBFB9-3CBC-411F-A251-9D51AF7FF40F}.Release|Any CPU.Build.0 = Release|Any CPU
	EndGlobalSection
	GlobalSection(SolutionProperties) = preSolution
		HideSolutionNode = FALSE
	EndGlobalSection
	GlobalSection(ExtensibilityGlobals) = postSolution
		SolutionGuid = {5CDFF151-C4F5-4FB6-AFFC-FFF3870750FF}
	EndGlobalSection
EndGlobal
